
Microsoft Visual Studio Solution File, Format Version 12.00
# Visual Studio Version 17
VisualStudioVersion = 17.7.34031.279
MinimumVisualStudioVersion = 10.0.40219.1
Project("{FAE04EC0-301F-11D3-BF4B-00C04F79EFBC}") = "Kreata.Web.Server", "Kreata.Web\Server\Kreata.Web.Server.csproj", "{D39DEDF6-D51E-4227-9916-5327C05B21B8}"
EndProject
Project("{FAE04EC0-301F-11D3-BF4B-00C04F79EFBC}") = "Kreata.Web.Client", "Kreata.Web\Client\Kreata.Web.Client.csproj", "{930825FA-B899-42F9-BB84-AA23235083BB}"
EndProject
Project("{FAE04EC0-301F-11D3-BF4B-00C04F79EFBC}") = "Kreata.Web.Shared", "Kreata.Web\Shared\Kreata.Web.Shared.csproj", "{22875507-3809-427A-928E-8275C98EC029}"
EndProject
Global
	GlobalSection(SolutionConfigurationPlatforms) = preSolution
		Debug|Any CPU = Debug|Any CPU
		Release|Any CPU = Release|Any CPU
	EndGlobalSection
	GlobalSection(ProjectConfigurationPlatforms) = postSolution
		{D39DEDF6-D51E-4227-9916-5327C05B21B8}.Debug|Any CPU.ActiveCfg = Debug|Any CPU
		{D39DEDF6-D51E-4227-9916-5327C05B21B8}.Debug|Any CPU.Build.0 = Debug|Any CPU
		{D39DEDF6-D51E-4227-9916-5327C05B21B8}.Release|Any CPU.ActiveCfg = Release|Any CPU
		{D39DEDF6-D51E-4227-9916-5327C05B21B8}.Release|Any CPU.Build.0 = Release|Any CPU
		{930825FA-B899-42F9-BB84-AA23235083BB}.Debug|Any CPU.ActiveCfg = Debug|Any CPU
		{930825FA-B899-42F9-BB84-AA23235083BB}.Debug|Any CPU.Build.0 = Debug|Any CPU
		{930825FA-B899-42F9-BB84-AA23235083BB}.Release|Any CPU.ActiveCfg = Release|Any CPU
		{930825FA-B899-42F9-BB84-AA23235083BB}.Release|Any CPU.Build.0 = Release|Any CPU
		{22875507-3809-427A-928E-8275C98EC029}.Debug|Any CPU.ActiveCfg = Debug|Any CPU
		{22875507-3809-427A-928E-8275C98EC029}.Debug|Any CPU.Build.0 = Debug|Any CPU
		{22875507-3809-427A-928E-8275C98EC029}.Release|Any CPU.ActiveCfg = Release|Any CPU
		{22875507-3809-427A-928E-8275C98EC029}.Release|Any CPU.Build.0 = Release|Any CPU
	EndGlobalSection
	GlobalSection(SolutionProperties) = preSolution
		HideSolutionNode = FALSE
	EndGlobalSection
	GlobalSection(ExtensibilityGlobals) = postSolution
		SolutionGuid = {6B06B15F-AD12-46A1-A82C-3331965F6ABF}
	EndGlobalSection
EndGlobal
